Microsoft Visual Studio Solution File, Format Version 12.00
# Visual Studio Version 17
VisualStudioVersion = 17.5.2.0
MinimumVisualStudioVersion = 10.0.40219.1
Project("{FAE04EC0-301F-11D3-BF4B-00C04F79EFBC}") = "MagicSafeShare", "MagicSafeShare.csproj", "{03AB6697-4039-1A9F-026D-96E114ECE171}"
EndProject
Global
	GlobalSection(SolutionConfigurationPlatforms) = preSolution
		Debug|Any CPU = Debug|Any CPU
		Release|Any CPU = Release|Any CPU
	EndGlobalSection
	GlobalSection(ProjectConfigurationPlatforms) = postSolution
		{03AB6697-4039-1A9F-026D-96E114ECE171}.Debug|Any CPU.ActiveCfg = Debug|Any CPU
		{03AB6697-4039-1A9F-026D-96E114ECE171}.Debug|Any CPU.Build.0 = Debug|Any CPU
		{03AB6697-4039-1A9F-026D-96E114ECE171}.Release|Any CPU.ActiveCfg = Release|Any CPU
		{03AB6697-4039-1A9F-026D-96E114ECE171}.Release|Any CPU.Build.0 = Release|Any CPU
	EndGlobalSection
	GlobalSection(SolutionProperties) = preSolution
		HideSolutionNode = FALSE
	EndGlobalSection
	GlobalSection(ExtensibilityGlobals) = postSolution
		SolutionGuid = {BC940B1B-8CE8-47B9-B29C-2714EB7EA47D}
	EndGlobalSection
EndGlobal
